<?xml version="1.0" encoding="utf-8"?>
<Project ToolsVersion="4.0" xmlns="http://schemas.microsoft.com/developer/msbuild/2003">
  <ItemGroup>
    <Filter Include="Source Files">
      <UniqueIdentifier>{4FC737F1-C7A5-4376-A066-2A32D752A2FF}</UniqueIdentifier>
      <Extensions>cpp;c;cc;cxx;def;odl;idl;hpj;bat;asm;asmx</Extensions>
    </Filter>
    <Filter Include="Header Files">
      <UniqueIdentifier>{93995380-89BD-4b04-88EB-625FBE52EBFB}</UniqueIdentifier>
      <Extensions>h;hh;hpp;hxx;hm;inl;inc;xsd</Extensions>
    </Filter>
    <Filter Include="Resource Files">
      <UniqueIdentifier>{67DA6AB6-F800-4c08-8B7A-83BB121AAD01}</UniqueIdentifier>
      <Extensions>rc;ico;cur;bmp;dlg;rc2;rct;bin;rgs;gif;jpg;jpeg;jpe;resx;tiff;tif;png;wav;mfcribbon-ms</Extensions>
    </Filter>
    <Filter Include="Source Files\Instructions General">
      <UniqueIdentifier>{15bf42be-318f-491c-8a84-1f553eab32ee}</UniqueIdentifier>
    </Filter>
    <Filter Include="Header Files\Instructions General">
      <UniqueIdentifier>{7aaaea3c-ef53-4d54-994a-dc2e5c8e18eb}</UniqueIdentifier>
    </Filter>
    <Filter Include="Header Files\Rformat">
      <UniqueIdentifier>{ff42cb07-11a5-4914-bd08-48db6620e319}</UniqueIdentifier>
    </Filter>
    <Filter Include="Source Files\Rformat">
      <UniqueIdentifier>{983bf0c2-0a92-4664-a27d-59ad38a572d2}</UniqueIdentifier>
    </Filter>
    <Filter Include="Source Files\Iformat">
      <UniqueIdentifier>{fe07a0d3-f409-466d-8ed1-dfffb222b4e7}</UniqueIdentifier>
    </Filter>
    <Filter Include="Header Files\Iformat">
      <UniqueIdentifier>{2da4c251-24b1-44e3-93de-8429a3f87274}</UniqueIdentifier>
    </Filter>
    <Filter Include="Source Files\Hazard Detection">
      <UniqueIdentifier>{e86220ed-4227-45cc-85c2-d754843218ac}</UniqueIdentifier>
    </Filter>
    <Filter Include="Source Files\Utility Structures and Functions">
      <UniqueIdentifier>{b05f3a9a-86fd-462d-82f5-9b24303c3922}</UniqueIdentifier>
    </Filter>
    <Filter Include="Source Files\Datapath">
      <UniqueIdentifier>{1b49d330-0435-46fd-9559-fbe7e381afcb}</UniqueIdentifier>
    </Filter>
    <Filter Include="Header Files\Utility Structures and Functions">
      <UniqueIdentifier>{9d0218b3-2920-44f8-9cd3-a6b316c5b7c6}</UniqueIdentifier>
    </Filter>
    <Filter Include="Header Files\Datapath">
      <UniqueIdentifier>{0c08659e-3d9e-471a-af2b-7c3b0ed60bfc}</UniqueIdentifier>
    </Filter>
    <Filter Include="Header Files\Hazard Detection">
      <UniqueIdentifier>{8fd1b423-1f59-426b-94ea-8e31e33b6ddc}</UniqueIdentifier>
    </Filter>
    <Filter Include="RegexFiles">
      <UniqueIdentifier>{3bcd2f66-05bb-4741-9ff1-9fe69aa04bd1}</UniqueIdentifier>
    </Filter>
  </ItemGroup>
  <ItemGroup>
    <ClInclude Include="rformat.h">
      <Filter>Header Files\Instructions General</Filter>
    </ClInclude>
    <ClInclude Include="Add.h">
      <Filter>Header Files\Rformat</Filter>
    </ClInclude>
    <ClInclude Include="Xor.h">
      <Filter>Header Files\Rformat</Filter>
    </ClInclude>
    <ClInclude Include="Slt.h">
      <Filter>Header Files\Rformat</Filter>
    </ClInclude>
    <ClInclude Include="Addi.h">
      <Filter>Header Files\Iformat</Filter>
    </ClInclude>
    <ClInclude Include="Lw.h">
      <Filter>Header Files\Iformat</Filter>
    </ClInclude>
    <ClInclude Include="Sw.h">
      <Filter>Header Files\Iformat</Filter>
    </ClInclude>
    <ClInclude Include="J.h">
      <Filter>Header Files\Instructions General</Filter>
    </ClInclude>
    <ClInclude Include="Jal.h">
      <Filter>Header Files\Instructions General</Filter>
    </ClInclude>
    <ClInclude Include="Jmp.h">
      <Filter>Header Files\Instructions General</Filter>
    </ClInclude>
    <ClInclude Include="Jr.h">
      <Filter>Header Files\Instructions General</Filter>
    </ClInclude>
    <ClInclude Include="Ret.h">
      <Filter>Header Files\Instructions General</Filter>
    </ClInclude>
    <ClInclude Include="Ble.h">
      <Filter>Header Files\Iformat</Filter>
    </ClInclude>
    <ClInclude Include="iformat.h">
      <Filter>Header Files\Instructions General</Filter>
    </ClInclude>
    <ClInclude Include="inst.h">
      <Filter>Header Files\Instructions General</Filter>
    </ClInclude>
    <ClInclude Include="utility.h">
      <Filter>Header Files\Utility Structures and Functions</Filter>
    </ClInclude>
    <ClInclude Include="instructions.h">
      <Filter>Header Files\Utility Structures and Functions</Filter>
    </ClInclude>
    <ClInclude Include="datapath.h">
      <Filter>Header Files\Datapath</Filter>
    </ClInclude>
    <ClInclude Include="hazards.h">
      <Filter>Header Files\Hazard Detection</Filter>
    </ClInclude>
    <ClInclude Include="Simulator.h">
      <Filter>Header Files</Filter>
    </ClInclude>
    <ClInclude Include="parser.h">
      <Filter>Header Files\Utility Structures and Functions</Filter>
    </ClInclude>
    <ClInclude Include="Macro.h">
      <Filter>Header Files\Utility Structures and Functions</Filter>
    </ClInclude>
  </ItemGroup>
  <ItemGroup>
    <Text Include="InstructionsInOrder.txt">
      <Filter>Resource Files</Filter>
    </Text>
    <Text Include="regexRule.txt">
      <Filter>RegexFiles</Filter>
    </Text>
    <Text Include="originalRegex.txt">
      <Filter>RegexFiles</Filter>
    </Text>
    <Text Include="MIPS.txt">
      <Filter>RegexFiles</Filter>
    </Text>
    <Text Include="test1.txt">
      <Filter>RegexFiles</Filter>
    </Text>
    <Text Include="replaceRule.txt">
      <Filter>RegexFiles</Filter>
    </Text>
    <Text Include="testing.txt">
      <Filter>RegexFiles</Filter>
    </Text>
  </ItemGroup>
  <ItemGroup>
    <ClCompile Include="iformat.cpp">
      <Filter>Source Files\Instructions General</Filter>
    </ClCompile>
    <ClCompile Include="inst.cpp">
      <Filter>Source Files\Instructions General</Filter>
    </ClCompile>
    <ClCompile Include="rformat.cpp">
      <Filter>Source Files\Instructions General</Filter>
    </ClCompile>
    <ClCompile Include="main.cpp">
      <Filter>Source Files</Filter>
    </ClCompile>
    <ClCompile Include="datapath.cpp">
      <Filter>Source Files\Datapath</Filter>
    </ClCompile>
    <ClCompile Include="Add.cpp">
      <Filter>Source Files\Rformat</Filter>
    </ClCompile>
    <ClCompile Include="utility.cpp">
      <Filter>Source Files\Utility Structures and Functions</Filter>
    </ClCompile>
    <ClCompile Include="Slt.cpp">
      <Filter>Source Files\Rformat</Filter>
    </ClCompile>
    <ClCompile Include="Addi.cpp">
      <Filter>Source Files\Iformat</Filter>
    </ClCompile>
    <ClCompile Include="Xor.cpp">
      <Filter>Source Files\Rformat</Filter>
    </ClCompile>
    <ClCompile Include="Lw.cpp">
      <Filter>Source Files\Iformat</Filter>
    </ClCompile>
    <ClCompile Include="Sw.cpp">
      <Filter>Source Files\Iformat</Filter>
    </ClCompile>
    <ClCompile Include="Ret.cpp">
      <Filter>Source Files\Instructions General</Filter>
    </ClCompile>
    <ClCompile Include="Jr.cpp">
      <Filter>Source Files\Instructions General</Filter>
    </ClCompile>
    <ClCompile Include="Jmp.cpp">
      <Filter>Source Files\Instructions General</Filter>
    </ClCompile>
    <ClCompile Include="Jal.cpp">
      <Filter>Source Files\Instructions General</Filter>
    </ClCompile>
    <ClCompile Include="J.cpp">
      <Filter>Source Files\Instructions General</Filter>
    </ClCompile>
    <ClCompile Include="Ble.cpp">
      <Filter>Source Files\Iformat</Filter>
    </ClCompile>
    <ClCompile Include="hazards.cpp">
      <Filter>Source Files\Hazard Detection</Filter>
    </ClCompile>
    <ClCompile Include="fileHandling.cpp">
      <Filter>Source Files\Utility Structures and Functions</Filter>
    </ClCompile>
    <ClCompile Include="parser.cpp">
      <Filter>Source Files\Utility Structures and Functions</Filter>
    </ClCompile>
  </ItemGroup>
  <ItemGroup>
    <EmbeddedResource Include="Simulator.resx">
      <Filter>Resource Files</Filter>
    </EmbeddedResource>
  </ItemGroup>
  <ItemGroup>
    <None Include="tester.bat">
      <Filter>RegexFiles</Filter>
    </None>
    <None Include="coolRegex.exe">
      <Filter>RegexFiles</Filter>
    </None>
  </ItemGroup>
</Project>